[{<<"cf">>,{pkg,<<"cf">>,<<"0.2.1">>},1},
 {<<"eini">>,{pkg,<<"eini">>,<<"1.2.4">>},1},
 {<<"erlcloud">>,{pkg,<<"erlcloud">>,<<"2.0.0">>},0},
 {<<"erlware_commons">>,{pkg,<<"erlware_commons">>,<<"0.21.0">>},0},
 {<<"jsx">>,{pkg,<<"jsx">>,<<"2.8.0">>},1},
 {<<"lhttpc">>,{pkg,<<"lhttpc">>,<<"1.4.0">>},1},
 {<<"minmay">>,{pkg,<<"minmay">>,<<"1.1.0">>},0}].
